
Microsoft Visual Studio Solution File, Format Version 12.00
# Visual Studio 15
VisualStudioVersion = 15.0.28307.1145
MinimumVisualStudioVersion = 10.0.40219.1
Project("{FAE04EC0-301F-11D3-BF4B-00C04F79EFBC}") = "CalculatorApp", "CalculatorApp\CalculatorApp.csproj", "{876E8B3B-EEA3-4F8B-9879-6B2B10991D0A}"
EndProject
Global
	GlobalSection(SolutionConfigurationPlatforms) = preSolution
		Debug|Any CPU = Debug|Any CPU
		Release|Any CPU = Release|Any CPU
	EndGlobalSection
	GlobalSection(ProjectConfigurationPlatforms) = postSolution
		{876E8B3B-EEA3-4F8B-9879-6B2B10991D0A}.Debug|Any CPU.ActiveCfg = Debug|Any CPU
		{876E8B3B-EEA3-4F8B-9879-6B2B10991D0A}.Debug|Any CPU.Build.0 = Debug|Any CPU
		{876E8B3B-EEA3-4F8B-9879-6B2B10991D0A}.Release|Any CPU.ActiveCfg = Release|Any CPU
		{876E8B3B-EEA3-4F8B-9879-6B2B10991D0A}.Release|Any CPU.Build.0 = Release|Any CPU
	EndGlobalSection
	GlobalSection(SolutionProperties) = preSolution
		HideSolutionNode = FALSE
	EndGlobalSection
	GlobalSection(ExtensibilityGlobals) = postSolution
		SolutionGuid = {75599553-D4E8-4A43-89E7-F971CBA60E79}
	EndGlobalSection
EndGlobal
